
Microsoft Visual Studio Solution File, Format Version 12.00
# Visual Studio Version 17
VisualStudioVersion = 17.0.31903.59
MinimumVisualStudioVersion = 10.0.40219.1
Project("{2150E333-8FDC-42A3-9474-1A3956D46DE8}") = "src", "src", "{B61DACFA-9749-482B-826F-447D1EC01FB1}"
EndProject
Project("{FAE04EC0-301F-11D3-BF4B-00C04F79EFBC}") = "ApplePhi", "src\ApplePhi\ApplePhi.csproj", "{4560AECB-F4FD-4D35-BE89-7D51FAC7C06C}"
EndProject
Project("{FAE04EC0-301F-11D3-BF4B-00C04F79EFBC}") = "ApplePhi.Client", "src\ApplePhi.Client\ApplePhi.Client.csproj", "{EA975806-E82F-4A5A-B9B2-E807BD6F733B}"
EndProject
Global
	GlobalSection(SolutionConfigurationPlatforms) = preSolution
		Debug|Any CPU = Debug|Any CPU
		Release|Any CPU = Release|Any CPU
	EndGlobalSection
	GlobalSection(ProjectConfigurationPlatforms) = postSolution
		{4560AECB-F4FD-4D35-BE89-7D51FAC7C06C}.Debug|Any CPU.ActiveCfg = Debug|Any CPU
		{4560AECB-F4FD-4D35-BE89-7D51FAC7C06C}.Debug|Any CPU.Build.0 = Debug|Any CPU
		{4560AECB-F4FD-4D35-BE89-7D51FAC7C06C}.Release|Any CPU.ActiveCfg = Release|Any CPU
		{4560AECB-F4FD-4D35-BE89-7D51FAC7C06C}.Release|Any CPU.Build.0 = Release|Any CPU
		{EA975806-E82F-4A5A-B9B2-E807BD6F733B}.Debug|Any CPU.ActiveCfg = Debug|Any CPU
		{EA975806-E82F-4A5A-B9B2-E807BD6F733B}.Debug|Any CPU.Build.0 = Debug|Any CPU
		{EA975806-E82F-4A5A-B9B2-E807BD6F733B}.Release|Any CPU.ActiveCfg = Release|Any CPU
		{EA975806-E82F-4A5A-B9B2-E807BD6F733B}.Release|Any CPU.Build.0 = Release|Any CPU
	EndGlobalSection
	GlobalSection(SolutionProperties) = preSolution
		HideSolutionNode = FALSE
	EndGlobalSection
	GlobalSection(NestedProjects) = preSolution
		{4560AECB-F4FD-4D35-BE89-7D51FAC7C06C} = {B61DACFA-9749-482B-826F-447D1EC01FB1}
		{EA975806-E82F-4A5A-B9B2-E807BD6F733B} = {B61DACFA-9749-482B-826F-447D1EC01FB1}
	EndGlobalSection
	GlobalSection(ExtensibilityGlobals) = postSolution
		SolutionGuid = {106E36FD-29CA-4D47-A748-ACC47B664826}
	EndGlobalSection
EndGlobal
